{
 "_meta": {
  "file-type": "spack-lockfile",
  "lockfile-version": 2
 },
 "roots": [
  {
   "hash": "y6tcifwio2nidaoydwa2hjaw2xuzezc2",
   "spec": "cuda@11.1.0%gcc@9.3.0"
  },
  {
   "hash": "vwznfqhq7iwkxgh32gxtxjgcwdgluws4",
   "spec": "protobuf%gcc@9.3.0"
  },
  {
   "hash": "biv32bw3r7gle2zvtfvicpqu7tpk5v5e",
   "spec": "cudnn%gcc@9.3.0"
  },
  {
   "hash": "xr3uvcpbmuitpyv3atxfhtyusxcchqdc",
   "spec": "cmake%gcc@9.3.0"
  }
 ],
 "concrete_specs": {
  "y6tcifwio2nidaoydwa2hjaw2xuzezc2": {
   "cuda": {
    "version": "11.1.0",
    "arch": {
     "platform": "linux",
     "platform_os": "ubuntu20.04",
     "target": {
      "name": "broadwell",
      "vendor": "GenuineIntel",
      "features": [
       "adx",
       "aes",
       "avx",
       "avx2",
       "bmi1",
       "bmi2",
       "f16c",
       "fma",
       "mmx",
       "movbe",
       "pclmulqdq",
       "popcnt",
       "rdrand",
       "rdseed",
       "sse",
       "sse2",
       "sse4_1",
       "sse4_2",
       "ssse3"
      ],
      "generation": 0,
      "parents": [
       "haswell"
      ]
     }
    },
    "compiler": {
     "name": "gcc",
     "version": "9.3.0"
    },
    "namespace": "builtin",
    "parameters": {
     "cflags": [],
     "cppflags": [],
     "cxxflags": [],
     "fflags": [],
     "ldflags": [],
     "ldlibs": []
    },
    "dependencies": {
     "libxml2": {
      "hash": "u7mbfap2pdm27znpzwjuxdrkzomibtg6",
      "type": [
       "build",
       "link"
      ]
     }
    },
    "hash": "qsyic2tpb7sre7hfu55nm3lzx7kplndv"
   }
  },
  "u7mbfap2pdm27znpzwjuxdrkzomibtg6": {
   "libxml2": {
    "version": "2.9.10",
    "arch": {
     "platform": "linux",
     "platform_os": "ubuntu20.04",
     "target": {
      "name": "broadwell",
      "vendor": "GenuineIntel",
      "features": [
       "adx",
       "aes",
       "avx",
       "avx2",
       "bmi1",
       "bmi2",
       "f16c",
       "fma",
       "mmx",
       "movbe",
       "pclmulqdq",
       "popcnt",
       "rdrand",
       "rdseed",
       "sse",
       "sse2",
       "sse4_1",
       "sse4_2",
       "ssse3"
      ],
      "generation": 0,
      "parents": [
       "haswell"
      ]
     }
    },
    "compiler": {
     "name": "gcc",
     "version": "9.3.0"
    },
    "namespace": "builtin",
    "parameters": {
     "python": false,
     "cflags": [],
     "cppflags": [],
     "cxxflags": [],
     "fflags": [],
     "ldflags": [],
     "ldlibs": []
    },
    "dependencies": {
     "libiconv": {
      "hash": "z6xynmbt335a45vhx4bnzbfh66kvbqyn",
      "type": [
       "build",
       "link"
      ]
     },
     "pkgconf": {
      "hash": "maplmtidtdincabqsxijbqyahb4yngro",
      "type": [
       "build"
      ]
     },
     "xz": {
      "hash": "kaqmjzzlqbnek4t523xxvcijmqtv3j7t",
      "type": [
       "build",
       "link"
      ]
     },
     "zlib": {
      "hash": "emkoq3o2mtu377gy6plexktmkqchkgkb",
      "type": [
       "build",
       "link"
      ]
     }
    },
    "hash": "vwqpclnn77c6fbrlnznrpwd3mez26bm3"
   }
  },
  "z6xynmbt335a45vhx4bnzbfh66kvbqyn": {
   "libiconv": {
    "version": "1.16",
    "arch": {
     "platform": "linux",
     "platform_os": "ubuntu20.04",
     "target": {
      "name": "broadwell",
      "vendor": "GenuineIntel",
      "features": [
       "adx",
       "aes",
       "avx",
       "avx2",
       "bmi1",
       "bmi2",
       "f16c",
       "fma",
       "mmx",
       "movbe",
       "pclmulqdq",
       "popcnt",
       "rdrand",
       "rdseed",
       "sse",
       "sse2",
       "sse4_1",
       "sse4_2",
       "ssse3"
      ],
      "generation": 0,
      "parents": [
       "haswell"
      ]
     }
    },
    "compiler": {
     "name": "gcc",
     "version": "9.3.0"
    },
    "namespace": "builtin",
    "parameters": {
     "cflags": [],
     "cppflags": [],
     "cxxflags": [],
     "fflags": [],
     "ldflags": [],
     "ldlibs": []
    },
    "hash": "z6xynmbt335a45vhx4bnzbfh66kvbqyn"
   }
  },
  "maplmtidtdincabqsxijbqyahb4yngro": {
   "pkgconf": {
    "version": "1.7.3",
    "arch": {
     "platform": "linux",
     "platform_os": "ubuntu20.04",
     "target": {
      "name": "broadwell",
      "vendor": "GenuineIntel",
      "features": [
       "adx",
       "aes",
       "avx",
       "avx2",
       "bmi1",
       "bmi2",
       "f16c",
       "fma",
       "mmx",
       "movbe",
       "pclmulqdq",
       "popcnt",
       "rdrand",
       "rdseed",
       "sse",
       "sse2",
       "sse4_1",
       "sse4_2",
       "ssse3"
      ],
      "generation": 0,
      "parents": [
       "haswell"
      ]
     }
    },
    "compiler": {
     "name": "gcc",
     "version": "9.3.0"
    },
    "namespace": "builtin",
    "parameters": {
     "cflags": [],
     "cppflags": [],
     "cxxflags": [],
     "fflags": [],
     "ldflags": [],
     "ldlibs": []
    },
    "hash": "maplmtidtdincabqsxijbqyahb4yngro"
   }
  },
  "kaqmjzzlqbnek4t523xxvcijmqtv3j7t": {
   "xz": {
    "version": "5.2.5",
    "arch": {
     "platform": "linux",
     "platform_os": "ubuntu20.04",
     "target": {
      "name": "broadwell",
      "vendor": "GenuineIntel",
      "features": [
       "adx",
       "aes",
       "avx",
       "avx2",
       "bmi1",
       "bmi2",
       "f16c",
       "fma",
       "mmx",
       "movbe",
       "pclmulqdq",
       "popcnt",
       "rdrand",
       "rdseed",
       "sse",
       "sse2",
       "sse4_1",
       "sse4_2",
       "ssse3"
      ],
      "generation": 0,
      "parents": [
       "haswell"
      ]
     }
    },
    "compiler": {
     "name": "gcc",
     "version": "9.3.0"
    },
    "namespace": "builtin",
    "parameters": {
     "pic": false,
     "cflags": [],
     "cppflags": [],
     "cxxflags": [],
     "fflags": [],
     "ldflags": [],
     "ldlibs": []
    },
    "hash": "kaqmjzzlqbnek4t523xxvcijmqtv3j7t"
   }
  },
  "emkoq3o2mtu377gy6plexktmkqchkgkb": {
   "zlib": {
    "version": "1.2.11",
    "arch": {
     "platform": "linux",
     "platform_os": "ubuntu20.04",
     "target": {
      "name": "broadwell",
      "vendor": "GenuineIntel",
      "features": [
       "adx",
       "aes",
       "avx",
       "avx2",
       "bmi1",
       "bmi2",
       "f16c",
       "fma",
       "mmx",
       "movbe",
       "pclmulqdq",
       "popcnt",
       "rdrand",
       "rdseed",
       "sse",
       "sse2",
       "sse4_1",
       "sse4_2",
       "ssse3"
      ],
      "generation": 0,
      "parents": [
       "haswell"
      ]
     }
    },
    "compiler": {
     "name": "gcc",
     "version": "9.3.0"
    },
    "namespace": "builtin",
    "parameters": {
     "optimize": true,
     "pic": true,
     "shared": true,
     "cflags": [],
     "cppflags": [],
     "cxxflags": [],
     "fflags": [],
     "ldflags": [],
     "ldlibs": []
    },
    "hash": "emkoq3o2mtu377gy6plexktmkqchkgkb"
   }
  },
  "vwznfqhq7iwkxgh32gxtxjgcwdgluws4": {
   "protobuf": {
    "version": "3.12.2",
    "arch": {
     "platform": "linux",
     "platform_os": "ubuntu20.04",
     "target": {
      "name": "broadwell",
      "vendor": "GenuineIntel",
      "features": [
       "adx",
       "aes",
       "avx",
       "avx2",
       "bmi1",
       "bmi2",
       "f16c",
       "fma",
       "mmx",
       "movbe",
       "pclmulqdq",
       "popcnt",
       "rdrand",
       "rdseed",
       "sse",
       "sse2",
       "sse4_1",
       "sse4_2",
       "ssse3"
      ],
      "generation": 0,
      "parents": [
       "haswell"
      ]
     }
    },
    "compiler": {
     "name": "gcc",
     "version": "9.3.0"
    },
    "namespace": "builtin",
    "parameters": {
     "build_type": "Release",
     "shared": true,
     "cflags": [],
     "cppflags": [],
     "cxxflags": [],
     "fflags": [],
     "ldflags": [],
     "ldlibs": []
    },
    "dependencies": {
     "cmake": {
      "hash": "xr3uvcpbmuitpyv3atxfhtyusxcchqdc",
      "type": [
       "build"
      ]
     },
     "zlib": {
      "hash": "emkoq3o2mtu377gy6plexktmkqchkgkb",
      "type": [
       "build",
       "link"
      ]
     }
    },
    "hash": "7yj3jgww3asdzhqcduu4mq6r57li3qmj"
   }
  },
  "xr3uvcpbmuitpyv3atxfhtyusxcchqdc": {
   "cmake": {
    "version": "3.18.4",
    "arch": {
     "platform": "linux",
     "platform_os": "ubuntu20.04",
     "target": {
      "name": "broadwell",
      "vendor": "GenuineIntel",
      "features": [
       "adx",
       "aes",
       "avx",
       "avx2",
       "bmi1",
       "bmi2",
       "f16c",
       "fma",
       "mmx",
       "movbe",
       "pclmulqdq",
       "popcnt",
       "rdrand",
       "rdseed",
       "sse",
       "sse2",
       "sse4_1",
       "sse4_2",
       "ssse3"
      ],
      "generation": 0,
      "parents": [
       "haswell"
      ]
     }
    },
    "compiler": {
     "name": "gcc",
     "version": "9.3.0"
    },
    "namespace": "builtin",
    "parameters": {
     "doc": false,
     "ncurses": true,
     "openssl": true,
     "ownlibs": true,
     "patches": [
      "bf695e3febb222da2ed94b3beea600650e4318975da90e4a71d6f31a6d5d8c3d"
     ],
     "qt": false,
     "cflags": [],
     "cppflags": [],
     "cxxflags": [],
     "fflags": [],
     "ldflags": [],
     "ldlibs": []
    },
    "patches": [
     "bf695e3febb222da2ed94b3beea600650e4318975da90e4a71d6f31a6d5d8c3d"
    ],
    "dependencies": {
     "ncurses": {
      "hash": "4pvie7oowkdyzivlxaaq52r7moa2ddmp",
      "type": [
       "build",
       "link"
      ]
     },
     "openssl": {
      "hash": "nfx7jb45z5burhzy3m2eup3iyjhkluj2",
      "type": [
       "build",
       "link"
      ]
     }
    },
    "hash": "3s3q3im7pamuy5yxsdvkx43jiwalkaye"
   }
  },
  "4pvie7oowkdyzivlxaaq52r7moa2ddmp": {
   "ncurses": {
    "version": "6.2",
    "arch": {
     "platform": "linux",
     "platform_os": "ubuntu20.04",
     "target": {
      "name": "broadwell",
      "vendor": "GenuineIntel",
      "features": [
       "adx",
       "aes",
       "avx",
       "avx2",
       "bmi1",
       "bmi2",
       "f16c",
       "fma",
       "mmx",
       "movbe",
       "pclmulqdq",
       "popcnt",
       "rdrand",
       "rdseed",
       "sse",
       "sse2",
       "sse4_1",
       "sse4_2",
       "ssse3"
      ],
      "generation": 0,
      "parents": [
       "haswell"
      ]
     }
    },
    "compiler": {
     "name": "gcc",
     "version": "9.3.0"
    },
    "namespace": "builtin",
    "parameters": {
     "symlinks": false,
     "termlib": true,
     "cflags": [],
     "cppflags": [],
     "cxxflags": [],
     "fflags": [],
     "ldflags": [],
     "ldlibs": []
    },
    "dependencies": {
     "pkgconf": {
      "hash": "maplmtidtdincabqsxijbqyahb4yngro",
      "type": [
       "build"
      ]
     }
    },
    "hash": "c5onutekmwbsn3rq2tjq3x5jj746xjtj"
   }
  },
  "nfx7jb45z5burhzy3m2eup3iyjhkluj2": {
   "openssl": {
    "version": "1.1.1h",
    "arch": {
     "platform": "linux",
     "platform_os": "ubuntu20.04",
     "target": {
      "name": "broadwell",
      "vendor": "GenuineIntel",
      "features": [
       "adx",
       "aes",
       "avx",
       "avx2",
       "bmi1",
       "bmi2",
       "f16c",
       "fma",
       "mmx",
       "movbe",
       "pclmulqdq",
       "popcnt",
       "rdrand",
       "rdseed",
       "sse",
       "sse2",
       "sse4_1",
       "sse4_2",
       "ssse3"
      ],
      "generation": 0,
      "parents": [
       "haswell"
      ]
     }
    },
    "compiler": {
     "name": "gcc",
     "version": "9.3.0"
    },
    "namespace": "builtin",
    "parameters": {
     "systemcerts": true,
     "cflags": [],
     "cppflags": [],
     "cxxflags": [],
     "fflags": [],
     "ldflags": [],
     "ldlibs": []
    },
    "dependencies": {
     "perl": {
      "hash": "gvlfkq5mwbzozpnss6chmxtmi65jf727",
      "type": [
       "build",
       "test"
      ]
     },
     "zlib": {
      "hash": "emkoq3o2mtu377gy6plexktmkqchkgkb",
      "type": [
       "build",
       "link"
      ]
     }
    },
    "hash": "nncgj6l352tyxgexbmpxyrgl5rnaqufl"
   }
  },
  "gvlfkq5mwbzozpnss6chmxtmi65jf727": {
   "perl": {
    "version": "5.32.0",
    "arch": {
     "platform": "linux",
     "platform_os": "ubuntu20.04",
     "target": {
      "name": "broadwell",
      "vendor": "GenuineIntel",
      "features": [
       "adx",
       "aes",
       "avx",
       "avx2",
       "bmi1",
       "bmi2",
       "f16c",
       "fma",
       "mmx",
       "movbe",
       "pclmulqdq",
       "popcnt",
       "rdrand",
       "rdseed",
       "sse",
       "sse2",
       "sse4_1",
       "sse4_2",
       "ssse3"
      ],
      "generation": 0,
      "parents": [
       "haswell"
      ]
     }
    },
    "compiler": {
     "name": "gcc",
     "version": "9.3.0"
    },
    "namespace": "builtin",
    "parameters": {
     "cpanm": true,
     "shared": true,
     "threads": true,
     "cflags": [],
     "cppflags": [],
     "cxxflags": [],
     "fflags": [],
     "ldflags": [],
     "ldlibs": []
    },
    "dependencies": {
     "berkeley-db": {
      "hash": "hs6t26u2brvfzxcmubo27kwcjbjesbjy",
      "type": [
       "build",
       "link"
      ]
     },
     "gdbm": {
      "hash": "lrxrsxextpifba445yp7cxpix66mh5e4",
      "type": [
       "build",
       "link"
      ]
     }
    },
    "hash": "abngmep5tm3o2s7wrnkuv43rxqtt4jcy"
   }
  },
  "hs6t26u2brvfzxcmubo27kwcjbjesbjy": {
   "berkeley-db": {
    "version": "18.1.40",
    "arch": {
     "platform": "linux",
     "platform_os": "ubuntu20.04",
     "target": {
      "name": "broadwell",
      "vendor": "GenuineIntel",
      "features": [
       "adx",
       "aes",
       "avx",
       "avx2",
       "bmi1",
       "bmi2",
       "f16c",
       "fma",
       "mmx",
       "movbe",
       "pclmulqdq",
       "popcnt",
       "rdrand",
       "rdseed",
       "sse",
       "sse2",
       "sse4_1",
       "sse4_2",
       "ssse3"
      ],
      "generation": 0,
      "parents": [
       "haswell"
      ]
     }
    },
    "compiler": {
     "name": "gcc",
     "version": "9.3.0"
    },
    "namespace": "builtin",
    "parameters": {
     "cflags": [],
     "cppflags": [],
     "cxxflags": [],
     "fflags": [],
     "ldflags": [],
     "ldlibs": []
    },
    "hash": "hs6t26u2brvfzxcmubo27kwcjbjesbjy"
   }
  },
  "lrxrsxextpifba445yp7cxpix66mh5e4": {
   "gdbm": {
    "version": "1.18.1",
    "arch": {
     "platform": "linux",
     "platform_os": "ubuntu20.04",
     "target": {
      "name": "broadwell",
      "vendor": "GenuineIntel",
      "features": [
       "adx",
       "aes",
       "avx",
       "avx2",
       "bmi1",
       "bmi2",
       "f16c",
       "fma",
       "mmx",
       "movbe",
       "pclmulqdq",
       "popcnt",
       "rdrand",
       "rdseed",
       "sse",
       "sse2",
       "sse4_1",
       "sse4_2",
       "ssse3"
      ],
      "generation": 0,
      "parents": [
       "haswell"
      ]
     }
    },
    "compiler": {
     "name": "gcc",
     "version": "9.3.0"
    },
    "namespace": "builtin",
    "parameters": {
     "cflags": [],
     "cppflags": [],
     "cxxflags": [],
     "fflags": [],
     "ldflags": [],
     "ldlibs": []
    },
    "dependencies": {
     "readline": {
      "hash": "gfv5lriujnowzgtuzxwd3bszrwizfyor",
      "type": [
       "build",
       "link"
      ]
     }
    },
    "hash": "x3ekorqhutuqcsam4wt7wx3f3xrpb4ps"
   }
  },
  "gfv5lriujnowzgtuzxwd3bszrwizfyor": {
   "readline": {
    "version": "8.0",
    "arch": {
     "platform": "linux",
     "platform_os": "ubuntu20.04",
     "target": {
      "name": "broadwell",
      "vendor": "GenuineIntel",
      "features": [
       "adx",
       "aes",
       "avx",
       "avx2",
       "bmi1",
       "bmi2",
       "f16c",
       "fma",
       "mmx",
       "movbe",
       "pclmulqdq",
       "popcnt",
       "rdrand",
       "rdseed",
       "sse",
       "sse2",
       "sse4_1",
       "sse4_2",
       "ssse3"
      ],
      "generation": 0,
      "parents": [
       "haswell"
      ]
     }
    },
    "compiler": {
     "name": "gcc",
     "version": "9.3.0"
    },
    "namespace": "builtin",
    "parameters": {
     "cflags": [],
     "cppflags": [],
     "cxxflags": [],
     "fflags": [],
     "ldflags": [],
     "ldlibs": []
    },
    "dependencies": {
     "ncurses": {
      "hash": "4pvie7oowkdyzivlxaaq52r7moa2ddmp",
      "type": [
       "build",
       "link"
      ]
     }
    },
    "hash": "57hpe6euytstx3ivccv54qncahm4wtuk"
   }
  },
  "biv32bw3r7gle2zvtfvicpqu7tpk5v5e": {
   "cudnn": {
    "version": "8.0.4.30-11.0-linux-x64",
    "arch": {
     "platform": "linux",
     "platform_os": "ubuntu20.04",
     "target": {
      "name": "broadwell",
      "vendor": "GenuineIntel",
      "features": [
       "adx",
       "aes",
       "avx",
       "avx2",
       "bmi1",
       "bmi2",
       "f16c",
       "fma",
       "mmx",
       "movbe",
       "pclmulqdq",
       "popcnt",
       "rdrand",
       "rdseed",
       "sse",
       "sse2",
       "sse4_1",
       "sse4_2",
       "ssse3"
      ],
      "generation": 0,
      "parents": [
       "haswell"
      ]
     }
    },
    "compiler": {
     "name": "gcc",
     "version": "9.3.0"
    },
    "namespace": "builtin",
    "parameters": {
     "cflags": [],
     "cppflags": [],
     "cxxflags": [],
     "fflags": [],
     "ldflags": [],
     "ldlibs": []
    },
    "hash": "biv32bw3r7gle2zvtfvicpqu7tpk5v5e"
   }
  }
 }
}